{
    "version": 3,
    "terraform_version": "0.11.11",
    "serial": 34,
    "lineage": "3e9251f8-caff-1cd1-aa1d-eedee0aba9e1",
    "modules": [
        {
            "path": [
                "root"
            ],
            "outputs": {},
            "resources": {
                "aws_vpc.app": {
                    "type": "aws_vpc",
                    "depends_on": [],
                    "primary": {
                        "id": "vpc-0777a2e9154e33362",
                        "attributes": {
                            "arn": "arn:aws:ec2:us-east-1:005801295308:vpc/vpc-0777a2e9154e33362",
                            "assign_generated_ipv6_cidr_block": "false",
                            "cidr_block": "10.0.0.0/16",
                            "default_network_acl_id": "acl-0fb88733226ba64c8",
                            "default_route_table_id": "rtb-08b4996eb0aa7d07f",
                            "default_security_group_id": "sg-07cca94361351ef76",
                            "dhcp_options_id": "dopt-f30b1794",
                            "enable_classiclink": "false",
                            "enable_classiclink_dns_support": "false",
                            "enable_dns_hostnames": "true",
                            "enable_dns_support": "true",
                            "id": "vpc-0777a2e9154e33362",
                            "instance_tenancy": "default",
                            "ipv6_association_id": "",
                            "ipv6_cidr_block": "",
                            "main_route_table_id": "rtb-08b4996eb0aa7d07f",
                            "owner_id": "005801295308",
                            "tags.%": "1",
                            "tags.Name": "app01-staging"
                        },
                        "meta": {
                            "schema_version": "1"
                        },
                        "tainted": false
                    },
                    "deposed": [],
                    "provider": "provider.aws"
                }
            },
            "depends_on": []
        }
    ]
}
