{
    "version": 3,
    "terraform_version": "0.11.11",
    "serial": 27,
    "lineage": "3e9251f8-caff-1cd1-aa1d-eedee0aba9e1",
    "modules": [
        {
            "path": [
                "root"
            ],
            "outputs": {},
            "resources": {
                "aws_autoscaling_group.asg_app01-prod": {
                    "type": "aws_autoscaling_group",
                    "depends_on": [
                        "aws_elb.elb_app01-prod",
                        "aws_launch_configuration.lc_app01-prod"
                    ],
                    "primary": {
                        "id": "asg_app01-prod",
                        "attributes": {
                            "arn": "arn:aws:autoscaling:us-east-1:005801295308:autoScalingGroup:444849fc-7fe1-43f0-a82c-bd0697171707:autoScalingGroupName/asg_app01-prod",
                            "availability_zones.#": "2",
                            "availability_zones.3569565595": "us-east-1a",
                            "availability_zones.986537655": "us-east-1c",
                            "default_cooldown": "300",
                            "desired_capacity": "1",
                            "enabled_metrics.#": "0",
                            "force_delete": "true",
                            "health_check_grace_period": "120",
                            "health_check_type": "ELB",
                            "id": "asg_app01-prod",
                            "launch_configuration": "lc_app01-prod",
                            "launch_template.#": "0",
                            "load_balancers.#": "1",
                            "load_balancers.316215369": "tf-lb-20190122194516441500000001",
                            "max_size": "2",
                            "metrics_granularity": "1Minute",
                            "min_elb_capacity": "1",
                            "min_size": "0",
                            "mixed_instances_policy.#": "0",
                            "name": "asg_app01-prod",
                            "placement_group": "",
                            "protect_from_scale_in": "false",
                            "service_linked_role_arn": "arn:aws:iam::005801295308:role/aws-service-role/autoscaling.amazonaws.com/AWSServiceRoleForAutoScaling",
                            "suspended_processes.#": "0",
                            "tag.#": "0",
                            "target_group_arns.#": "0",
                            "termination_policies.#": "0",
                            "vpc_zone_identifier.#": "0",
                            "wait_for_capacity_timeout": "10m"
                        },
                        "meta": {
                            "e2bfb730-ecaa-11e6-8f88-34363bc7c4c0": {
                                "delete": 600000000000
                            }
                        },
                        "tainted": false
                    },
                    "deposed": [],
                    "provider": "provider.aws"
                },
                "aws_elb.elb_app01-prod": {
                    "type": "aws_elb",
                    "depends_on": [
                        "aws_subnet.subnet_app01-prod_1a",
                        "aws_subnet.subnet_app01-prod_1c"
                    ],
                    "primary": {
                        "id": "tf-lb-20190122194516441500000001",
                        "attributes": {
                            "access_logs.#": "0",
                            "arn": "arn:aws:elasticloadbalancing:us-east-1:005801295308:loadbalancer/tf-lb-20190122194516441500000001",
                            "availability_zones.#": "2",
                            "availability_zones.3569565595": "us-east-1a",
                            "availability_zones.986537655": "us-east-1c",
                            "connection_draining": "true",
                            "connection_draining_timeout": "10",
                            "cross_zone_load_balancing": "true",
                            "dns_name": "internal-tf-lb-20190122194516441500000001-359747308.us-east-1.elb.amazonaws.com",
                            "health_check.#": "1",
                            "health_check.0.healthy_threshold": "2",
                            "health_check.0.interval": "31",
                            "health_check.0.target": "TCP:22",
                            "health_check.0.timeout": "30",
                            "health_check.0.unhealthy_threshold": "5",
                            "id": "tf-lb-20190122194516441500000001",
                            "idle_timeout": "60",
                            "instances.#": "0",
                            "internal": "true",
                            "listener.#": "1",
                            "listener.829854800.instance_port": "22",
                            "listener.829854800.instance_protocol": "tcp",
                            "listener.829854800.lb_port": "22",
                            "listener.829854800.lb_protocol": "tcp",
                            "listener.829854800.ssl_certificate_id": "",
                            "name": "tf-lb-20190122194516441500000001",
                            "security_groups.#": "1",
                            "security_groups.1799561428": "sg-0b219a7e18d028bcf",
                            "source_security_group": "005801295308/default",
                            "source_security_group_id": "sg-0b219a7e18d028bcf",
                            "subnets.#": "2",
                            "subnets.1858122462": "subnet-0e5fe60cbb9bd3ef8",
                            "subnets.2104304982": "subnet-029152c51ec63d64e",
                            "tags.%": "0",
                            "zone_id": "Z35SXDOTRQ7X7K"
                        },
                        "meta": {},
                        "tainted": false
                    },
                    "deposed": [],
                    "provider": "provider.aws"
                },
                "aws_internet_gateway.ig_app01-prod": {
                    "type": "aws_internet_gateway",
                    "depends_on": [
                        "aws_vpc.vpc_app01-prod"
                    ],
                    "primary": {
                        "id": "",
                        "attributes": {},
                        "meta": {},
                        "tainted": false
                    },
                    "deposed": [],
                    "provider": "provider.aws"
                },
                "aws_launch_configuration.lc_app01-prod": {
                    "type": "aws_launch_configuration",
                    "depends_on": [],
                    "primary": {
                        "id": "lc_app01-prod",
                        "attributes": {
                            "associate_public_ip_address": "false",
                            "ebs_block_device.#": "0",
                            "ebs_optimized": "false",
                            "enable_monitoring": "true",
                            "ephemeral_block_device.#": "0",
                            "iam_instance_profile": "",
                            "id": "lc_app01-prod",
                            "image_id": "ami-051b4811c67117b1b",
                            "instance_type": "t2.micro",
                            "key_name": "",
                            "name": "lc_app01-prod",
                            "root_block_device.#": "1",
                            "root_block_device.0.delete_on_termination": "true",
                            "root_block_device.0.iops": "0",
                            "root_block_device.0.volume_size": "10",
                            "root_block_device.0.volume_type": "gp2",
                            "security_groups.#": "0",
                            "spot_price": "",
                            "vpc_classic_link_id": "",
                            "vpc_classic_link_security_groups.#": "0"
                        },
                        "meta": {},
                        "tainted": false
                    },
                    "deposed": [],
                    "provider": "provider.aws"
                },
                "aws_lb_target_group.app01-prod": {
                    "type": "aws_lb_target_group",
                    "depends_on": [
                        "aws_vpc.vpc_app01-prod"
                    ],
                    "primary": {
                        "id": "",
                        "attributes": {},
                        "meta": {},
                        "tainted": false
                    },
                    "deposed": [],
                    "provider": "provider.aws"
                },
                "aws_route_table.rt_app01-prod": {
                    "type": "aws_route_table",
                    "depends_on": [
                        "aws_internet_gateway.ig_app01-prod",
                        "aws_vpc.vpc_app01-prod"
                    ],
                    "primary": {
                        "id": "",
                        "attributes": {},
                        "meta": {},
                        "tainted": false
                    },
                    "deposed": [],
                    "provider": "provider.aws"
                },
                "aws_route_table_association.rta_app01-prod_1a": {
                    "type": "aws_route_table_association",
                    "depends_on": [
                        "aws_route_table.rt_app01-prod",
                        "aws_subnet.subnet_app01-prod_1a"
                    ],
                    "primary": {
                        "id": "",
                        "attributes": {},
                        "meta": {},
                        "tainted": false
                    },
                    "deposed": [],
                    "provider": "provider.aws"
                },
                "aws_route_table_association.rta_app01-prod_1c": {
                    "type": "aws_route_table_association",
                    "depends_on": [
                        "aws_route_table.rt_app01-prod",
                        "aws_subnet.subnet_app01-prod_1c"
                    ],
                    "primary": {
                        "id": "",
                        "attributes": {},
                        "meta": {},
                        "tainted": false
                    },
                    "deposed": [],
                    "provider": "provider.aws"
                },
                "aws_security_group.sg_app01": {
                    "type": "aws_security_group",
                    "depends_on": [
                        "aws_vpc.vpc_app01-prod"
                    ],
                    "primary": {
                        "id": "sg-06cf5852ec336cd04",
                        "attributes": {
                            "arn": "arn:aws:ec2:us-east-1:005801295308:security-group/sg-06cf5852ec336cd04",
                            "description": "Managed by Terraform",
                            "egress.#": "1",
                            "egress.482069346.cidr_blocks.#": "1",
                            "egress.482069346.cidr_blocks.0": "0.0.0.0/0",
                            "egress.482069346.description": "",
                            "egress.482069346.from_port": "0",
                            "egress.482069346.ipv6_cidr_blocks.#": "0",
                            "egress.482069346.prefix_list_ids.#": "0",
                            "egress.482069346.protocol": "-1",
                            "egress.482069346.security_groups.#": "0",
                            "egress.482069346.self": "false",
                            "egress.482069346.to_port": "0",
                            "id": "sg-06cf5852ec336cd04",
                            "ingress.#": "1",
                            "ingress.482069346.cidr_blocks.#": "1",
                            "ingress.482069346.cidr_blocks.0": "0.0.0.0/0",
                            "ingress.482069346.description": "",
                            "ingress.482069346.from_port": "0",
                            "ingress.482069346.ipv6_cidr_blocks.#": "0",
                            "ingress.482069346.prefix_list_ids.#": "0",
                            "ingress.482069346.protocol": "-1",
                            "ingress.482069346.security_groups.#": "0",
                            "ingress.482069346.self": "false",
                            "ingress.482069346.to_port": "0",
                            "name": "sg_app01",
                            "owner_id": "005801295308",
                            "revoke_rules_on_delete": "false",
                            "tags.%": "0",
                            "vpc_id": "vpc-046f46b57cc644155"
                        },
                        "meta": {
                            "e2bfb730-ecaa-11e6-8f88-34363bc7c4c0": {
                                "create": 600000000000,
                                "delete": 600000000000
                            },
                            "schema_version": "1"
                        },
                        "tainted": false
                    },
                    "deposed": [],
                    "provider": "provider.aws"
                },
                "aws_subnet.subnet_app01-prod_1a": {
                    "type": "aws_subnet",
                    "depends_on": [
                        "aws_vpc.vpc_app01-prod"
                    ],
                    "primary": {
                        "id": "subnet-029152c51ec63d64e",
                        "attributes": {
                            "arn": "arn:aws:ec2:us-east-1:005801295308:subnet/subnet-029152c51ec63d64e",
                            "assign_ipv6_address_on_creation": "false",
                            "availability_zone": "us-east-1a",
                            "availability_zone_id": "use1-az6",
                            "cidr_block": "10.1.1.0/24",
                            "id": "subnet-029152c51ec63d64e",
                            "ipv6_cidr_block": "",
                            "ipv6_cidr_block_association_id": "",
                            "map_public_ip_on_launch": "true",
                            "owner_id": "005801295308",
                            "tags.%": "1",
                            "tags.Name": "subnet_app01-prod_1a",
                            "vpc_id": "vpc-046f46b57cc644155"
                        },
                        "meta": {
                            "e2bfb730-ecaa-11e6-8f88-34363bc7c4c0": {
                                "create": 600000000000,
                                "delete": 600000000000
                            },
                            "schema_version": "1"
                        },
                        "tainted": false
                    },
                    "deposed": [],
                    "provider": "provider.aws"
                },
                "aws_subnet.subnet_app01-prod_1c": {
                    "type": "aws_subnet",
                    "depends_on": [
                        "aws_vpc.vpc_app01-prod"
                    ],
                    "primary": {
                        "id": "subnet-0e5fe60cbb9bd3ef8",
                        "attributes": {
                            "arn": "arn:aws:ec2:us-east-1:005801295308:subnet/subnet-0e5fe60cbb9bd3ef8",
                            "assign_ipv6_address_on_creation": "false",
                            "availability_zone": "us-east-1c",
                            "availability_zone_id": "use1-az2",
                            "cidr_block": "10.1.2.0/24",
                            "id": "subnet-0e5fe60cbb9bd3ef8",
                            "ipv6_cidr_block": "",
                            "ipv6_cidr_block_association_id": "",
                            "map_public_ip_on_launch": "true",
                            "owner_id": "005801295308",
                            "tags.%": "1",
                            "tags.Name": "subnet_app01-prod_1c",
                            "vpc_id": "vpc-046f46b57cc644155"
                        },
                        "meta": {
                            "e2bfb730-ecaa-11e6-8f88-34363bc7c4c0": {
                                "create": 600000000000,
                                "delete": 600000000000
                            },
                            "schema_version": "1"
                        },
                        "tainted": false
                    },
                    "deposed": [],
                    "provider": "provider.aws"
                },
                "aws_vpc.vpc_app01-prod": {
                    "type": "aws_vpc",
                    "depends_on": [],
                    "primary": {
                        "id": "vpc-046f46b57cc644155",
                        "attributes": {
                            "arn": "arn:aws:ec2:us-east-1:005801295308:vpc/vpc-046f46b57cc644155",
                            "assign_generated_ipv6_cidr_block": "false",
                            "cidr_block": "10.1.0.0/16",
                            "default_network_acl_id": "acl-0d84f5db61c4ea76a",
                            "default_route_table_id": "rtb-0fe574237f54bbf34",
                            "default_security_group_id": "sg-0b219a7e18d028bcf",
                            "dhcp_options_id": "dopt-f30b1794",
                            "enable_classiclink": "false",
                            "enable_classiclink_dns_support": "false",
                            "enable_dns_hostnames": "true",
                            "enable_dns_support": "true",
                            "id": "vpc-046f46b57cc644155",
                            "instance_tenancy": "default",
                            "ipv6_association_id": "",
                            "ipv6_cidr_block": "",
                            "main_route_table_id": "rtb-0fe574237f54bbf34",
                            "owner_id": "005801295308",
                            "tags.%": "1",
                            "tags.Name": "vpc_app01-prod"
                        },
                        "meta": {
                            "schema_version": "1"
                        },
                        "tainted": false
                    },
                    "deposed": [],
                    "provider": "provider.aws"
                }
            },
            "depends_on": []
        }
    ]
}
