{
    "version": 3,
    "terraform_version": "0.11.11",
    "serial": 29,
    "lineage": "3e9251f8-caff-1cd1-aa1d-eedee0aba9e1",
    "modules": [
        {
            "path": [
                "root"
            ],
            "outputs": {},
            "resources": {
                "aws_elb.elb_app01-prod": {
                    "type": "aws_elb",
                    "depends_on": [
                        "aws_subnet.subnet_app01-prod_1a",
                        "aws_subnet.subnet_app01-prod_1c"
                    ],
                    "primary": {
                        "id": "tf-lb-20190122224516088500000001",
                        "attributes": {
                            "access_logs.#": "0",
                            "arn": "arn:aws:elasticloadbalancing:us-east-1:005801295308:loadbalancer/tf-lb-20190122224516088500000001",
                            "availability_zones.#": "2",
                            "availability_zones.3569565595": "us-east-1a",
                            "availability_zones.986537655": "us-east-1c",
                            "connection_draining": "true",
                            "connection_draining_timeout": "10",
                            "cross_zone_load_balancing": "true",
                            "dns_name": "internal-tf-lb-20190122224516088500000001-392705672.us-east-1.elb.amazonaws.com",
                            "health_check.#": "1",
                            "health_check.0.healthy_threshold": "2",
                            "health_check.0.interval": "31",
                            "health_check.0.target": "TCP:22",
                            "health_check.0.timeout": "30",
                            "health_check.0.unhealthy_threshold": "5",
                            "id": "tf-lb-20190122224516088500000001",
                            "idle_timeout": "60",
                            "instances.#": "0",
                            "internal": "true",
                            "listener.#": "1",
                            "listener.829854800.instance_port": "22",
                            "listener.829854800.instance_protocol": "tcp",
                            "listener.829854800.lb_port": "22",
                            "listener.829854800.lb_protocol": "tcp",
                            "listener.829854800.ssl_certificate_id": "",
                            "name": "tf-lb-20190122224516088500000001",
                            "security_groups.#": "1",
                            "security_groups.861494819": "sg-06687ea39434acd68",
                            "source_security_group": "005801295308/default",
                            "source_security_group_id": "sg-06687ea39434acd68",
                            "subnets.#": "2",
                            "subnets.1084261918": "subnet-0e3b1269e9f2198ec",
                            "subnets.1857961378": "subnet-03065b7722508ccac",
                            "tags.%": "0",
                            "zone_id": "Z35SXDOTRQ7X7K"
                        },
                        "meta": {},
                        "tainted": false
                    },
                    "deposed": [],
                    "provider": "provider.aws"
                },
                "aws_internet_gateway.ig_app01-prod": {
                    "type": "aws_internet_gateway",
                    "depends_on": [
                        "aws_vpc.vpc_app01-prod"
                    ],
                    "primary": {
                        "id": "igw-02f95a699a4ee6bf8",
                        "attributes": {
                            "id": "igw-02f95a699a4ee6bf8",
                            "owner_id": "005801295308",
                            "tags.%": "1",
                            "tags.Name": "ig_app01-prod",
                            "vpc_id": "vpc-08d2fd87335ef45ff"
                        },
                        "meta": {},
                        "tainted": false
                    },
                    "deposed": [],
                    "provider": "provider.aws"
                },
                "aws_launch_configuration.lc_app01-prod": {
                    "type": "aws_launch_configuration",
                    "depends_on": [
                        "aws_security_group.sg_app01"
                    ],
                    "primary": {
                        "id": "lc_app01-prod",
                        "attributes": {
                            "associate_public_ip_address": "false",
                            "ebs_block_device.#": "0",
                            "ebs_optimized": "false",
                            "enable_monitoring": "true",
                            "ephemeral_block_device.#": "0",
                            "iam_instance_profile": "",
                            "id": "lc_app01-prod",
                            "image_id": "ami-051b4811c67117b1b",
                            "instance_type": "t2.micro",
                            "key_name": "",
                            "name": "lc_app01-prod",
                            "root_block_device.#": "1",
                            "root_block_device.0.delete_on_termination": "true",
                            "root_block_device.0.iops": "0",
                            "root_block_device.0.volume_size": "10",
                            "root_block_device.0.volume_type": "gp2",
                            "security_groups.#": "1",
                            "security_groups.3949688918": "sg-0a7ac3bbccb0d7cc2",
                            "spot_price": "",
                            "vpc_classic_link_id": "",
                            "vpc_classic_link_security_groups.#": "0"
                        },
                        "meta": {},
                        "tainted": false
                    },
                    "deposed": [],
                    "provider": "provider.aws"
                },
                "aws_lb_target_group.app01-prod": {
                    "type": "aws_lb_target_group",
                    "depends_on": [
                        "aws_vpc.vpc_app01-prod"
                    ],
                    "primary": {
                        "id": "arn:aws:elasticloadbalancing:us-east-1:005801295308:targetgroup/app01-prod/4344e438b17f90e1",
                        "attributes": {
                            "arn": "arn:aws:elasticloadbalancing:us-east-1:005801295308:targetgroup/app01-prod/4344e438b17f90e1",
                            "arn_suffix": "targetgroup/app01-prod/4344e438b17f90e1",
                            "deregistration_delay": "300",
                            "health_check.#": "1",
                            "health_check.0.healthy_threshold": "2",
                            "health_check.0.interval": "10",
                            "health_check.0.matcher": "",
                            "health_check.0.path": "",
                            "health_check.0.port": "traffic-port",
                            "health_check.0.protocol": "TCP",
                            "health_check.0.timeout": "10",
                            "health_check.0.unhealthy_threshold": "2",
                            "id": "arn:aws:elasticloadbalancing:us-east-1:005801295308:targetgroup/app01-prod/4344e438b17f90e1",
                            "name": "app01-prod",
                            "port": "22",
                            "protocol": "TCP",
                            "proxy_protocol_v2": "false",
                            "slow_start": "0",
                            "stickiness.#": "0",
                            "tags.%": "0",
                            "target_type": "instance",
                            "vpc_id": "vpc-08d2fd87335ef45ff"
                        },
                        "meta": {},
                        "tainted": false
                    },
                    "deposed": [],
                    "provider": "provider.aws"
                },
                "aws_route_table.rt_app01-prod": {
                    "type": "aws_route_table",
                    "depends_on": [
                        "aws_internet_gateway.ig_app01-prod",
                        "aws_vpc.vpc_app01-prod"
                    ],
                    "primary": {
                        "id": "rtb-0ab106b5652346768",
                        "attributes": {
                            "id": "rtb-0ab106b5652346768",
                            "owner_id": "005801295308",
                            "propagating_vgws.#": "0",
                            "route.#": "1",
                            "route.2004890493.cidr_block": "0.0.0.0/0",
                            "route.2004890493.egress_only_gateway_id": "",
                            "route.2004890493.gateway_id": "igw-02f95a699a4ee6bf8",
                            "route.2004890493.instance_id": "",
                            "route.2004890493.ipv6_cidr_block": "",
                            "route.2004890493.nat_gateway_id": "",
                            "route.2004890493.network_interface_id": "",
                            "route.2004890493.transit_gateway_id": "",
                            "route.2004890493.vpc_peering_connection_id": "",
                            "tags.%": "1",
                            "tags.Name": "rt_app01-prod",
                            "vpc_id": "vpc-08d2fd87335ef45ff"
                        },
                        "meta": {},
                        "tainted": false
                    },
                    "deposed": [],
                    "provider": "provider.aws"
                },
                "aws_route_table_association.rta_app01-prod_1a": {
                    "type": "aws_route_table_association",
                    "depends_on": [
                        "aws_route_table.rt_app01-prod",
                        "aws_subnet.subnet_app01-prod_1a"
                    ],
                    "primary": {
                        "id": "rtbassoc-0df2ed0f00d1c76aa",
                        "attributes": {
                            "id": "rtbassoc-0df2ed0f00d1c76aa",
                            "route_table_id": "rtb-0ab106b5652346768",
                            "subnet_id": "subnet-0e3b1269e9f2198ec"
                        },
                        "meta": {},
                        "tainted": false
                    },
                    "deposed": [],
                    "provider": "provider.aws"
                },
                "aws_route_table_association.rta_app01-prod_1c": {
                    "type": "aws_route_table_association",
                    "depends_on": [
                        "aws_route_table.rt_app01-prod",
                        "aws_subnet.subnet_app01-prod_1c"
                    ],
                    "primary": {
                        "id": "rtbassoc-095802b95d6646a68",
                        "attributes": {
                            "id": "rtbassoc-095802b95d6646a68",
                            "route_table_id": "rtb-0ab106b5652346768",
                            "subnet_id": "subnet-03065b7722508ccac"
                        },
                        "meta": {},
                        "tainted": false
                    },
                    "deposed": [],
                    "provider": "provider.aws"
                },
                "aws_security_group.sg_app01": {
                    "type": "aws_security_group",
                    "depends_on": [
                        "aws_vpc.vpc_app01-prod"
                    ],
                    "primary": {
                        "id": "sg-0a7ac3bbccb0d7cc2",
                        "attributes": {
                            "arn": "arn:aws:ec2:us-east-1:005801295308:security-group/sg-0a7ac3bbccb0d7cc2",
                            "description": "Managed by Terraform",
                            "egress.#": "1",
                            "egress.482069346.cidr_blocks.#": "1",
                            "egress.482069346.cidr_blocks.0": "0.0.0.0/0",
                            "egress.482069346.description": "",
                            "egress.482069346.from_port": "0",
                            "egress.482069346.ipv6_cidr_blocks.#": "0",
                            "egress.482069346.prefix_list_ids.#": "0",
                            "egress.482069346.protocol": "-1",
                            "egress.482069346.security_groups.#": "0",
                            "egress.482069346.self": "false",
                            "egress.482069346.to_port": "0",
                            "id": "sg-0a7ac3bbccb0d7cc2",
                            "ingress.#": "1",
                            "ingress.482069346.cidr_blocks.#": "1",
                            "ingress.482069346.cidr_blocks.0": "0.0.0.0/0",
                            "ingress.482069346.description": "",
                            "ingress.482069346.from_port": "0",
                            "ingress.482069346.ipv6_cidr_blocks.#": "0",
                            "ingress.482069346.prefix_list_ids.#": "0",
                            "ingress.482069346.protocol": "-1",
                            "ingress.482069346.security_groups.#": "0",
                            "ingress.482069346.self": "false",
                            "ingress.482069346.to_port": "0",
                            "name": "sg_app01",
                            "owner_id": "005801295308",
                            "revoke_rules_on_delete": "false",
                            "tags.%": "0",
                            "vpc_id": "vpc-08d2fd87335ef45ff"
                        },
                        "meta": {
                            "e2bfb730-ecaa-11e6-8f88-34363bc7c4c0": {
                                "create": 600000000000,
                                "delete": 600000000000
                            },
                            "schema_version": "1"
                        },
                        "tainted": false
                    },
                    "deposed": [],
                    "provider": "provider.aws"
                },
                "aws_subnet.subnet_app01-prod_1a": {
                    "type": "aws_subnet",
                    "depends_on": [
                        "aws_vpc.vpc_app01-prod"
                    ],
                    "primary": {
                        "id": "subnet-0e3b1269e9f2198ec",
                        "attributes": {
                            "arn": "arn:aws:ec2:us-east-1:005801295308:subnet/subnet-0e3b1269e9f2198ec",
                            "assign_ipv6_address_on_creation": "false",
                            "availability_zone": "us-east-1a",
                            "availability_zone_id": "use1-az6",
                            "cidr_block": "10.1.1.0/24",
                            "id": "subnet-0e3b1269e9f2198ec",
                            "ipv6_cidr_block": "",
                            "ipv6_cidr_block_association_id": "",
                            "map_public_ip_on_launch": "true",
                            "owner_id": "005801295308",
                            "tags.%": "1",
                            "tags.Name": "subnet_app01-prod_1a",
                            "vpc_id": "vpc-08d2fd87335ef45ff"
                        },
                        "meta": {
                            "e2bfb730-ecaa-11e6-8f88-34363bc7c4c0": {
                                "create": 600000000000,
                                "delete": 600000000000
                            },
                            "schema_version": "1"
                        },
                        "tainted": false
                    },
                    "deposed": [],
                    "provider": "provider.aws"
                },
                "aws_subnet.subnet_app01-prod_1c": {
                    "type": "aws_subnet",
                    "depends_on": [
                        "aws_vpc.vpc_app01-prod"
                    ],
                    "primary": {
                        "id": "subnet-03065b7722508ccac",
                        "attributes": {
                            "arn": "arn:aws:ec2:us-east-1:005801295308:subnet/subnet-03065b7722508ccac",
                            "assign_ipv6_address_on_creation": "false",
                            "availability_zone": "us-east-1c",
                            "availability_zone_id": "use1-az2",
                            "cidr_block": "10.1.2.0/24",
                            "id": "subnet-03065b7722508ccac",
                            "ipv6_cidr_block": "",
                            "ipv6_cidr_block_association_id": "",
                            "map_public_ip_on_launch": "true",
                            "owner_id": "005801295308",
                            "tags.%": "1",
                            "tags.Name": "subnet_app01-prod_1c",
                            "vpc_id": "vpc-08d2fd87335ef45ff"
                        },
                        "meta": {
                            "e2bfb730-ecaa-11e6-8f88-34363bc7c4c0": {
                                "create": 600000000000,
                                "delete": 600000000000
                            },
                            "schema_version": "1"
                        },
                        "tainted": false
                    },
                    "deposed": [],
                    "provider": "provider.aws"
                },
                "aws_vpc.vpc_app01-prod": {
                    "type": "aws_vpc",
                    "depends_on": [],
                    "primary": {
                        "id": "vpc-08d2fd87335ef45ff",
                        "attributes": {
                            "arn": "arn:aws:ec2:us-east-1:005801295308:vpc/vpc-08d2fd87335ef45ff",
                            "assign_generated_ipv6_cidr_block": "false",
                            "cidr_block": "10.1.0.0/16",
                            "default_network_acl_id": "acl-07a399b7b8bcf3453",
                            "default_route_table_id": "rtb-077502cf7d43df92b",
                            "default_security_group_id": "sg-06687ea39434acd68",
                            "dhcp_options_id": "dopt-f30b1794",
                            "enable_classiclink": "false",
                            "enable_classiclink_dns_support": "false",
                            "enable_dns_hostnames": "true",
                            "enable_dns_support": "true",
                            "id": "vpc-08d2fd87335ef45ff",
                            "instance_tenancy": "default",
                            "ipv6_association_id": "",
                            "ipv6_cidr_block": "",
                            "main_route_table_id": "rtb-077502cf7d43df92b",
                            "owner_id": "005801295308",
                            "tags.%": "1",
                            "tags.Name": "vpc_app01-prod"
                        },
                        "meta": {
                            "schema_version": "1"
                        },
                        "tainted": false
                    },
                    "deposed": [],
                    "provider": "provider.aws"
                }
            },
            "depends_on": []
        }
    ]
}
