{
    "version": 3,
    "terraform_version": "0.11.11",
    "serial": 6,
    "lineage": "bcdcdc02-19f9-4dd9-b2d5-a3bfc2ca8a02",
    "modules": [
        {
            "path": [
                "root"
            ],
            "outputs": {
                "subnet_id": {
                    "sensitive": false,
                    "type": "string",
                    "value": "subnet-018f520caf9f95bb1"
                },
                "vpc_id": {
                    "sensitive": false,
                    "type": "string",
                    "value": "vpc-09b7dce3da7808bd9"
                }
            },
            "resources": {
                "aws_internet_gateway.app01": {
                    "type": "aws_internet_gateway",
                    "depends_on": [
                        "aws_vpc.app01"
                    ],
                    "primary": {
                        "id": "igw-07b8c120ea1e7ebed",
                        "attributes": {
                            "id": "igw-07b8c120ea1e7ebed",
                            "owner_id": "318259923343",
                            "tags.%": "1",
                            "tags.Name": "app01",
                            "vpc_id": "vpc-09b7dce3da7808bd9"
                        },
                        "meta": {},
                        "tainted": false
                    },
                    "deposed": [],
                    "provider": "provider.aws"
                },
                "aws_route_table.app01": {
                    "type": "aws_route_table",
                    "depends_on": [
                        "aws_internet_gateway.app01",
                        "aws_vpc.app01"
                    ],
                    "primary": {
                        "id": "rtb-079da1340a0a48d38",
                        "attributes": {
                            "id": "rtb-079da1340a0a48d38",
                            "owner_id": "318259923343",
                            "propagating_vgws.#": "0",
                            "route.#": "1",
                            "route.2875042432.cidr_block": "0.0.0.0/0",
                            "route.2875042432.egress_only_gateway_id": "",
                            "route.2875042432.gateway_id": "igw-07b8c120ea1e7ebed",
                            "route.2875042432.instance_id": "",
                            "route.2875042432.ipv6_cidr_block": "",
                            "route.2875042432.nat_gateway_id": "",
                            "route.2875042432.network_interface_id": "",
                            "route.2875042432.transit_gateway_id": "",
                            "route.2875042432.vpc_peering_connection_id": "",
                            "tags.%": "1",
                            "tags.Name": "app01",
                            "vpc_id": "vpc-09b7dce3da7808bd9"
                        },
                        "meta": {},
                        "tainted": false
                    },
                    "deposed": [],
                    "provider": "provider.aws"
                },
                "aws_route_table_association.app01": {
                    "type": "aws_route_table_association",
                    "depends_on": [
                        "aws_route_table.app01",
                        "aws_subnet.app01"
                    ],
                    "primary": {
                        "id": "rtbassoc-0d8320d5fa10986b4",
                        "attributes": {
                            "id": "rtbassoc-0d8320d5fa10986b4",
                            "route_table_id": "rtb-079da1340a0a48d38",
                            "subnet_id": "subnet-018f520caf9f95bb1"
                        },
                        "meta": {},
                        "tainted": false
                    },
                    "deposed": [],
                    "provider": "provider.aws"
                },
                "aws_security_group.app01": {
                    "type": "aws_security_group",
                    "depends_on": [
                        "aws_vpc.app01"
                    ],
                    "primary": {
                        "id": "sg-011198972e545b943",
                        "attributes": {
                            "arn": "arn:aws:ec2:us-east-1:318259923343:security-group/sg-011198972e545b943",
                            "description": "Managed by Terraform",
                            "egress.#": "1",
                            "egress.482069346.cidr_blocks.#": "1",
                            "egress.482069346.cidr_blocks.0": "0.0.0.0/0",
                            "egress.482069346.description": "",
                            "egress.482069346.from_port": "0",
                            "egress.482069346.ipv6_cidr_blocks.#": "0",
                            "egress.482069346.prefix_list_ids.#": "0",
                            "egress.482069346.protocol": "-1",
                            "egress.482069346.security_groups.#": "0",
                            "egress.482069346.self": "false",
                            "egress.482069346.to_port": "0",
                            "id": "sg-011198972e545b943",
                            "ingress.#": "1",
                            "ingress.482069346.cidr_blocks.#": "1",
                            "ingress.482069346.cidr_blocks.0": "0.0.0.0/0",
                            "ingress.482069346.description": "",
                            "ingress.482069346.from_port": "0",
                            "ingress.482069346.ipv6_cidr_blocks.#": "0",
                            "ingress.482069346.prefix_list_ids.#": "0",
                            "ingress.482069346.protocol": "-1",
                            "ingress.482069346.security_groups.#": "0",
                            "ingress.482069346.self": "false",
                            "ingress.482069346.to_port": "0",
                            "name": "app01",
                            "owner_id": "318259923343",
                            "revoke_rules_on_delete": "false",
                            "tags.%": "0",
                            "vpc_id": "vpc-09b7dce3da7808bd9"
                        },
                        "meta": {
                            "e2bfb730-ecaa-11e6-8f88-34363bc7c4c0": {
                                "create": 600000000000,
                                "delete": 600000000000
                            },
                            "schema_version": "1"
                        },
                        "tainted": false
                    },
                    "deposed": [],
                    "provider": "provider.aws"
                },
                "aws_subnet.app01": {
                    "type": "aws_subnet",
                    "depends_on": [
                        "aws_vpc.app01"
                    ],
                    "primary": {
                        "id": "subnet-018f520caf9f95bb1",
                        "attributes": {
                            "arn": "arn:aws:ec2:us-east-1:318259923343:subnet/subnet-018f520caf9f95bb1",
                            "assign_ipv6_address_on_creation": "false",
                            "availability_zone": "us-east-1c",
                            "availability_zone_id": "use1-az4",
                            "cidr_block": "10.0.1.0/24",
                            "id": "subnet-018f520caf9f95bb1",
                            "ipv6_cidr_block": "",
                            "ipv6_cidr_block_association_id": "",
                            "map_public_ip_on_launch": "true",
                            "owner_id": "318259923343",
                            "tags.%": "1",
                            "tags.Name": "app01-az1",
                            "vpc_id": "vpc-09b7dce3da7808bd9"
                        },
                        "meta": {
                            "e2bfb730-ecaa-11e6-8f88-34363bc7c4c0": {
                                "create": 600000000000,
                                "delete": 600000000000
                            },
                            "schema_version": "1"
                        },
                        "tainted": false
                    },
                    "deposed": [],
                    "provider": "provider.aws"
                },
                "aws_vpc.app01": {
                    "type": "aws_vpc",
                    "depends_on": [],
                    "primary": {
                        "id": "vpc-09b7dce3da7808bd9",
                        "attributes": {
                            "arn": "arn:aws:ec2:us-east-1:318259923343:vpc/vpc-09b7dce3da7808bd9",
                            "assign_generated_ipv6_cidr_block": "false",
                            "cidr_block": "10.0.0.0/16",
                            "default_network_acl_id": "acl-077bb30e3775709e5",
                            "default_route_table_id": "rtb-0f937e8089c8abfec",
                            "default_security_group_id": "sg-0b858c5486f49ec0a",
                            "dhcp_options_id": "dopt-95645ced",
                            "enable_classiclink": "false",
                            "enable_classiclink_dns_support": "false",
                            "enable_dns_hostnames": "true",
                            "enable_dns_support": "true",
                            "id": "vpc-09b7dce3da7808bd9",
                            "instance_tenancy": "default",
                            "ipv6_association_id": "",
                            "ipv6_cidr_block": "",
                            "main_route_table_id": "rtb-0f937e8089c8abfec",
                            "owner_id": "318259923343",
                            "tags.%": "1",
                            "tags.Name": "app01"
                        },
                        "meta": {
                            "schema_version": "1"
                        },
                        "tainted": false
                    },
                    "deposed": [],
                    "provider": "provider.aws"
                }
            },
            "depends_on": []
        }
    ]
}
