{
    "version": 3,
    "terraform_version": "0.11.11",
    "serial": 12,
    "lineage": "aa115bc4-1c4f-93bf-b461-8b6798d89134",
    "modules": [
        {
            "path": [
                "root"
            ],
            "outputs": {
                "subnet_id": {
                    "sensitive": false,
                    "type": "string",
                    "value": "subnet-043f0b7341a8b4e86"
                },
                "vpc_id": {
                    "sensitive": false,
                    "type": "string",
                    "value": "vpc-02a1f48a8e6320cda"
                }
            },
            "resources": {
                "aws_instance.app01": {
                    "type": "aws_instance",
                    "depends_on": [
                        "aws_security_group.app01",
                        "aws_subnet.app01"
                    ],
                    "primary": {
                        "id": "i-03680297d9b894a1a",
                        "attributes": {
                            "ami": "ami-035be7bafff33b6b6",
                            "arn": "arn:aws:ec2:us-east-1:318259923343:instance/i-03680297d9b894a1a",
                            "associate_public_ip_address": "true",
                            "availability_zone": "us-east-1d",
                            "cpu_core_count": "1",
                            "cpu_threads_per_core": "1",
                            "credit_specification.#": "1",
                            "credit_specification.0.cpu_credits": "standard",
                            "disable_api_termination": "false",
                            "ebs_block_device.#": "0",
                            "ebs_optimized": "false",
                            "ephemeral_block_device.#": "0",
                            "get_password_data": "false",
                            "iam_instance_profile": "",
                            "id": "i-03680297d9b894a1a",
                            "instance_state": "running",
                            "instance_type": "t2.micro",
                            "ipv6_addresses.#": "0",
                            "key_name": "",
                            "monitoring": "false",
                            "network_interface.#": "0",
                            "network_interface_id": "eni-0c59905f161a4bfa7",
                            "password_data": "",
                            "placement_group": "",
                            "primary_network_interface_id": "eni-0c59905f161a4bfa7",
                            "private_dns": "ip-10-0-0-250.ec2.internal",
                            "private_ip": "10.0.0.250",
                            "public_dns": "ec2-3-90-42-98.compute-1.amazonaws.com",
                            "public_ip": "3.90.42.98",
                            "root_block_device.#": "1",
                            "root_block_device.0.delete_on_termination": "true",
                            "root_block_device.0.iops": "100",
                            "root_block_device.0.volume_id": "vol-04cd3cd811e1f3b50",
                            "root_block_device.0.volume_size": "8",
                            "root_block_device.0.volume_type": "gp2",
                            "security_groups.#": "0",
                            "source_dest_check": "true",
                            "subnet_id": "subnet-043f0b7341a8b4e86",
                            "tags.%": "1",
                            "tags.Name": "app01",
                            "tenancy": "default",
                            "volume_tags.%": "0",
                            "vpc_security_group_ids.#": "1",
                            "vpc_security_group_ids.2709448779": "sg-011814f9c4f67dcb6"
                        },
                        "meta": {
                            "e2bfb730-ecaa-11e6-8f88-34363bc7c4c0": {
                                "create": 600000000000,
                                "delete": 1200000000000,
                                "update": 600000000000
                            },
                            "schema_version": "1"
                        },
                        "tainted": false
                    },
                    "deposed": [],
                    "provider": "provider.aws"
                },
                "aws_internet_gateway.app01": {
                    "type": "aws_internet_gateway",
                    "depends_on": [
                        "aws_vpc.app01"
                    ],
                    "primary": {
                        "id": "igw-0d4dde3094e4bee05",
                        "attributes": {
                            "id": "igw-0d4dde3094e4bee05",
                            "owner_id": "318259923343",
                            "tags.%": "1",
                            "tags.Name": "app01",
                            "vpc_id": "vpc-02a1f48a8e6320cda"
                        },
                        "meta": {},
                        "tainted": false
                    },
                    "deposed": [],
                    "provider": "provider.aws"
                },
                "aws_launch_configuration.app01": {
                    "type": "aws_launch_configuration",
                    "depends_on": [],
                    "primary": {
                        "id": "app01-ami-035be7bafff33b6b6",
                        "attributes": {
                            "associate_public_ip_address": "false",
                            "ebs_block_device.#": "0",
                            "ebs_optimized": "false",
                            "enable_monitoring": "true",
                            "ephemeral_block_device.#": "0",
                            "iam_instance_profile": "",
                            "id": "app01-ami-035be7bafff33b6b6",
                            "image_id": "ami-035be7bafff33b6b6",
                            "instance_type": "t2.micro",
                            "key_name": "",
                            "name": "app01-ami-035be7bafff33b6b6",
                            "root_block_device.#": "1",
                            "root_block_device.0.delete_on_termination": "true",
                            "root_block_device.0.iops": "0",
                            "root_block_device.0.volume_size": "10",
                            "root_block_device.0.volume_type": "gp2",
                            "security_groups.#": "0",
                            "spot_price": "",
                            "vpc_classic_link_id": "",
                            "vpc_classic_link_security_groups.#": "0"
                        },
                        "meta": {},
                        "tainted": false
                    },
                    "deposed": [],
                    "provider": "provider.aws"
                },
                "aws_route_table.app01": {
                    "type": "aws_route_table",
                    "depends_on": [
                        "aws_internet_gateway.app01",
                        "aws_vpc.app01"
                    ],
                    "primary": {
                        "id": "rtb-082c2a2ac1a8ad5ed",
                        "attributes": {
                            "id": "rtb-082c2a2ac1a8ad5ed",
                            "owner_id": "318259923343",
                            "propagating_vgws.#": "0",
                            "route.#": "1",
                            "route.652316102.cidr_block": "0.0.0.0/0",
                            "route.652316102.egress_only_gateway_id": "",
                            "route.652316102.gateway_id": "igw-0d4dde3094e4bee05",
                            "route.652316102.instance_id": "",
                            "route.652316102.ipv6_cidr_block": "",
                            "route.652316102.nat_gateway_id": "",
                            "route.652316102.network_interface_id": "",
                            "route.652316102.transit_gateway_id": "",
                            "route.652316102.vpc_peering_connection_id": "",
                            "tags.%": "1",
                            "tags.Name": "app01",
                            "vpc_id": "vpc-02a1f48a8e6320cda"
                        },
                        "meta": {},
                        "tainted": false
                    },
                    "deposed": [],
                    "provider": "provider.aws"
                },
                "aws_route_table_association.app01": {
                    "type": "aws_route_table_association",
                    "depends_on": [
                        "aws_route_table.app01",
                        "aws_subnet.app01"
                    ],
                    "primary": {
                        "id": "rtbassoc-03935e7d649af27a0",
                        "attributes": {
                            "id": "rtbassoc-03935e7d649af27a0",
                            "route_table_id": "rtb-082c2a2ac1a8ad5ed",
                            "subnet_id": "subnet-043f0b7341a8b4e86"
                        },
                        "meta": {},
                        "tainted": false
                    },
                    "deposed": [],
                    "provider": "provider.aws"
                },
                "aws_security_group.app01": {
                    "type": "aws_security_group",
                    "depends_on": [
                        "aws_vpc.app01"
                    ],
                    "primary": {
                        "id": "sg-011814f9c4f67dcb6",
                        "attributes": {
                            "arn": "arn:aws:ec2:us-east-1:318259923343:security-group/sg-011814f9c4f67dcb6",
                            "description": "Managed by Terraform",
                            "egress.#": "1",
                            "egress.482069346.cidr_blocks.#": "1",
                            "egress.482069346.cidr_blocks.0": "0.0.0.0/0",
                            "egress.482069346.description": "",
                            "egress.482069346.from_port": "0",
                            "egress.482069346.ipv6_cidr_blocks.#": "0",
                            "egress.482069346.prefix_list_ids.#": "0",
                            "egress.482069346.protocol": "-1",
                            "egress.482069346.security_groups.#": "0",
                            "egress.482069346.self": "false",
                            "egress.482069346.to_port": "0",
                            "id": "sg-011814f9c4f67dcb6",
                            "ingress.#": "1",
                            "ingress.482069346.cidr_blocks.#": "1",
                            "ingress.482069346.cidr_blocks.0": "0.0.0.0/0",
                            "ingress.482069346.description": "",
                            "ingress.482069346.from_port": "0",
                            "ingress.482069346.ipv6_cidr_blocks.#": "0",
                            "ingress.482069346.prefix_list_ids.#": "0",
                            "ingress.482069346.protocol": "-1",
                            "ingress.482069346.security_groups.#": "0",
                            "ingress.482069346.self": "false",
                            "ingress.482069346.to_port": "0",
                            "name": "app01",
                            "owner_id": "318259923343",
                            "revoke_rules_on_delete": "false",
                            "tags.%": "0",
                            "vpc_id": "vpc-02a1f48a8e6320cda"
                        },
                        "meta": {
                            "e2bfb730-ecaa-11e6-8f88-34363bc7c4c0": {
                                "create": 600000000000,
                                "delete": 600000000000
                            },
                            "schema_version": "1"
                        },
                        "tainted": false
                    },
                    "deposed": [],
                    "provider": "provider.aws"
                },
                "aws_security_group.app01_elb": {
                    "type": "aws_security_group",
                    "depends_on": [
                        "aws_vpc.app01"
                    ],
                    "primary": {
                        "id": "sg-0f2c11b8aeb02a0fb",
                        "attributes": {
                            "arn": "arn:aws:ec2:us-east-1:318259923343:security-group/sg-0f2c11b8aeb02a0fb",
                            "description": "Managed by Terraform",
                            "egress.#": "1",
                            "egress.482069346.cidr_blocks.#": "1",
                            "egress.482069346.cidr_blocks.0": "0.0.0.0/0",
                            "egress.482069346.description": "",
                            "egress.482069346.from_port": "0",
                            "egress.482069346.ipv6_cidr_blocks.#": "0",
                            "egress.482069346.prefix_list_ids.#": "0",
                            "egress.482069346.protocol": "-1",
                            "egress.482069346.security_groups.#": "0",
                            "egress.482069346.self": "false",
                            "egress.482069346.to_port": "0",
                            "id": "sg-0f2c11b8aeb02a0fb",
                            "ingress.#": "1",
                            "ingress.482069346.cidr_blocks.#": "1",
                            "ingress.482069346.cidr_blocks.0": "0.0.0.0/0",
                            "ingress.482069346.description": "",
                            "ingress.482069346.from_port": "0",
                            "ingress.482069346.ipv6_cidr_blocks.#": "0",
                            "ingress.482069346.prefix_list_ids.#": "0",
                            "ingress.482069346.protocol": "-1",
                            "ingress.482069346.security_groups.#": "0",
                            "ingress.482069346.self": "false",
                            "ingress.482069346.to_port": "0",
                            "name": "app01_elb",
                            "owner_id": "318259923343",
                            "revoke_rules_on_delete": "false",
                            "tags.%": "0",
                            "vpc_id": "vpc-02a1f48a8e6320cda"
                        },
                        "meta": {
                            "e2bfb730-ecaa-11e6-8f88-34363bc7c4c0": {
                                "create": 600000000000,
                                "delete": 600000000000
                            },
                            "schema_version": "1"
                        },
                        "tainted": false
                    },
                    "deposed": [],
                    "provider": "provider.aws"
                },
                "aws_subnet.app01": {
                    "type": "aws_subnet",
                    "depends_on": [
                        "aws_vpc.app01"
                    ],
                    "primary": {
                        "id": "subnet-043f0b7341a8b4e86",
                        "attributes": {
                            "arn": "arn:aws:ec2:us-east-1:318259923343:subnet/subnet-043f0b7341a8b4e86",
                            "assign_ipv6_address_on_creation": "false",
                            "availability_zone": "us-east-1d",
                            "availability_zone_id": "use1-az6",
                            "cidr_block": "10.0.0.0/24",
                            "id": "subnet-043f0b7341a8b4e86",
                            "ipv6_cidr_block": "",
                            "ipv6_cidr_block_association_id": "",
                            "map_public_ip_on_launch": "true",
                            "owner_id": "318259923343",
                            "tags.%": "1",
                            "tags.Name": "app01",
                            "vpc_id": "vpc-02a1f48a8e6320cda"
                        },
                        "meta": {
                            "e2bfb730-ecaa-11e6-8f88-34363bc7c4c0": {
                                "create": 600000000000,
                                "delete": 600000000000
                            },
                            "schema_version": "1"
                        },
                        "tainted": false
                    },
                    "deposed": [],
                    "provider": "provider.aws"
                },
                "aws_vpc.app01": {
                    "type": "aws_vpc",
                    "depends_on": [],
                    "primary": {
                        "id": "vpc-02a1f48a8e6320cda",
                        "attributes": {
                            "arn": "arn:aws:ec2:us-east-1:318259923343:vpc/vpc-02a1f48a8e6320cda",
                            "assign_generated_ipv6_cidr_block": "false",
                            "cidr_block": "10.0.0.0/16",
                            "default_network_acl_id": "acl-01bcbe37b78eb4eb3",
                            "default_route_table_id": "rtb-0411ae56878c19361",
                            "default_security_group_id": "sg-0e59db89a992e02bc",
                            "dhcp_options_id": "dopt-95645ced",
                            "enable_classiclink": "false",
                            "enable_classiclink_dns_support": "false",
                            "enable_dns_hostnames": "true",
                            "enable_dns_support": "true",
                            "id": "vpc-02a1f48a8e6320cda",
                            "instance_tenancy": "default",
                            "ipv6_association_id": "",
                            "ipv6_cidr_block": "",
                            "main_route_table_id": "rtb-0411ae56878c19361",
                            "owner_id": "318259923343",
                            "tags.%": "1",
                            "tags.Name": "app01"
                        },
                        "meta": {
                            "schema_version": "1"
                        },
                        "tainted": false
                    },
                    "deposed": [],
                    "provider": "provider.aws"
                }
            },
            "depends_on": []
        }
    ]
}
