{
    "version": 3,
    "terraform_version": "0.11.11",
    "serial": 4,
    "lineage": "aa115bc4-1c4f-93bf-b461-8b6798d89134",
    "modules": [
        {
            "path": [
                "root"
            ],
            "outputs": {
                "subnet_id": {
                    "sensitive": false,
                    "type": "string",
                    "value": "subnet-06272d5dc8ae13233"
                },
                "vpc_id": {
                    "sensitive": false,
                    "type": "string",
                    "value": "vpc-07c2eb2b70fbd45cf"
                }
            },
            "resources": {
                "aws_internet_gateway.app01": {
                    "type": "aws_internet_gateway",
                    "depends_on": [
                        "aws_vpc.app01"
                    ],
                    "primary": {
                        "id": "igw-090a58d980019b224",
                        "attributes": {
                            "id": "igw-090a58d980019b224",
                            "owner_id": "318259923343",
                            "tags.%": "1",
                            "tags.Name": "app01",
                            "vpc_id": "vpc-07c2eb2b70fbd45cf"
                        },
                        "meta": {},
                        "tainted": false
                    },
                    "deposed": [],
                    "provider": "provider.aws"
                },
                "aws_route_table.app01": {
                    "type": "aws_route_table",
                    "depends_on": [
                        "aws_internet_gateway.app01",
                        "aws_vpc.app01"
                    ],
                    "primary": {
                        "id": "rtb-0a47ecf175d8c81f9",
                        "attributes": {
                            "id": "rtb-0a47ecf175d8c81f9",
                            "owner_id": "318259923343",
                            "propagating_vgws.#": "0",
                            "route.#": "1",
                            "route.3793119214.cidr_block": "0.0.0.0/0",
                            "route.3793119214.egress_only_gateway_id": "",
                            "route.3793119214.gateway_id": "igw-090a58d980019b224",
                            "route.3793119214.instance_id": "",
                            "route.3793119214.ipv6_cidr_block": "",
                            "route.3793119214.nat_gateway_id": "",
                            "route.3793119214.network_interface_id": "",
                            "route.3793119214.transit_gateway_id": "",
                            "route.3793119214.vpc_peering_connection_id": "",
                            "tags.%": "1",
                            "tags.Name": "app01",
                            "vpc_id": "vpc-07c2eb2b70fbd45cf"
                        },
                        "meta": {},
                        "tainted": false
                    },
                    "deposed": [],
                    "provider": "provider.aws"
                },
                "aws_route_table_association.app01": {
                    "type": "aws_route_table_association",
                    "depends_on": [
                        "aws_route_table.app01",
                        "aws_subnet.app01"
                    ],
                    "primary": {
                        "id": "rtbassoc-09d3e9007aa2ccba5",
                        "attributes": {
                            "id": "rtbassoc-09d3e9007aa2ccba5",
                            "route_table_id": "rtb-0a47ecf175d8c81f9",
                            "subnet_id": "subnet-06272d5dc8ae13233"
                        },
                        "meta": {},
                        "tainted": false
                    },
                    "deposed": [],
                    "provider": "provider.aws"
                },
                "aws_security_group.app01": {
                    "type": "aws_security_group",
                    "depends_on": [
                        "aws_vpc.app01"
                    ],
                    "primary": {
                        "id": "sg-093c723a43ee40860",
                        "attributes": {
                            "arn": "arn:aws:ec2:us-east-1:318259923343:security-group/sg-093c723a43ee40860",
                            "description": "Managed by Terraform",
                            "egress.#": "1",
                            "egress.482069346.cidr_blocks.#": "1",
                            "egress.482069346.cidr_blocks.0": "0.0.0.0/0",
                            "egress.482069346.description": "",
                            "egress.482069346.from_port": "0",
                            "egress.482069346.ipv6_cidr_blocks.#": "0",
                            "egress.482069346.prefix_list_ids.#": "0",
                            "egress.482069346.protocol": "-1",
                            "egress.482069346.security_groups.#": "0",
                            "egress.482069346.self": "false",
                            "egress.482069346.to_port": "0",
                            "id": "sg-093c723a43ee40860",
                            "ingress.#": "1",
                            "ingress.482069346.cidr_blocks.#": "1",
                            "ingress.482069346.cidr_blocks.0": "0.0.0.0/0",
                            "ingress.482069346.description": "",
                            "ingress.482069346.from_port": "0",
                            "ingress.482069346.ipv6_cidr_blocks.#": "0",
                            "ingress.482069346.prefix_list_ids.#": "0",
                            "ingress.482069346.protocol": "-1",
                            "ingress.482069346.security_groups.#": "0",
                            "ingress.482069346.self": "false",
                            "ingress.482069346.to_port": "0",
                            "name": "app01",
                            "owner_id": "318259923343",
                            "revoke_rules_on_delete": "false",
                            "tags.%": "0",
                            "vpc_id": "vpc-07c2eb2b70fbd45cf"
                        },
                        "meta": {
                            "e2bfb730-ecaa-11e6-8f88-34363bc7c4c0": {
                                "create": 600000000000,
                                "delete": 600000000000
                            },
                            "schema_version": "1"
                        },
                        "tainted": false
                    },
                    "deposed": [],
                    "provider": "provider.aws"
                },
                "aws_subnet.app01": {
                    "type": "aws_subnet",
                    "depends_on": [
                        "aws_vpc.app01"
                    ],
                    "primary": {
                        "id": "subnet-06272d5dc8ae13233",
                        "attributes": {
                            "arn": "arn:aws:ec2:us-east-1:318259923343:subnet/subnet-06272d5dc8ae13233",
                            "assign_ipv6_address_on_creation": "false",
                            "availability_zone": "us-east-1d",
                            "availability_zone_id": "use1-az6",
                            "cidr_block": "10.0.0.0/24",
                            "id": "subnet-06272d5dc8ae13233",
                            "ipv6_cidr_block": "",
                            "ipv6_cidr_block_association_id": "",
                            "map_public_ip_on_launch": "true",
                            "owner_id": "318259923343",
                            "tags.%": "1",
                            "tags.Name": "app01",
                            "vpc_id": "vpc-07c2eb2b70fbd45cf"
                        },
                        "meta": {
                            "e2bfb730-ecaa-11e6-8f88-34363bc7c4c0": {
                                "create": 600000000000,
                                "delete": 600000000000
                            },
                            "schema_version": "1"
                        },
                        "tainted": false
                    },
                    "deposed": [],
                    "provider": "provider.aws"
                },
                "aws_vpc.app01": {
                    "type": "aws_vpc",
                    "depends_on": [],
                    "primary": {
                        "id": "vpc-07c2eb2b70fbd45cf",
                        "attributes": {
                            "arn": "arn:aws:ec2:us-east-1:318259923343:vpc/vpc-07c2eb2b70fbd45cf",
                            "assign_generated_ipv6_cidr_block": "false",
                            "cidr_block": "10.0.0.0/16",
                            "default_network_acl_id": "acl-030018106fa0a8a8c",
                            "default_route_table_id": "rtb-09d48beb87ada681c",
                            "default_security_group_id": "sg-096f378029bb819eb",
                            "dhcp_options_id": "dopt-95645ced",
                            "enable_classiclink": "false",
                            "enable_classiclink_dns_support": "false",
                            "enable_dns_hostnames": "true",
                            "enable_dns_support": "true",
                            "id": "vpc-07c2eb2b70fbd45cf",
                            "instance_tenancy": "default",
                            "ipv6_association_id": "",
                            "ipv6_cidr_block": "",
                            "main_route_table_id": "rtb-09d48beb87ada681c",
                            "owner_id": "318259923343",
                            "tags.%": "1",
                            "tags.Name": "app01"
                        },
                        "meta": {
                            "schema_version": "1"
                        },
                        "tainted": false
                    },
                    "deposed": [],
                    "provider": "provider.aws"
                }
            },
            "depends_on": []
        }
    ]
}
