{
    "version": 3,
    "terraform_version": "0.11.11",
    "serial": 3,
    "lineage": "4113a1db-c80f-d2ed-b51c-2368e51863f5",
    "modules": [
        {
            "path": [
                "root"
            ],
            "outputs": {
                "subnet_id": {
                    "sensitive": false,
                    "type": "string",
                    "value": "subnet-0c8999b8da5dcf2ac"
                },
                "vpc_id": {
                    "sensitive": false,
                    "type": "string",
                    "value": "vpc-0a5fb10c289138bc8"
                }
            },
            "resources": {
                "aws_instance.i01": {
                    "type": "aws_instance",
                    "depends_on": [
                        "aws_security_group.sg01",
                        "aws_subnet.subnet01"
                    ],
                    "primary": {
                        "id": "i-0abb060a021c4c02e",
                        "attributes": {
                            "ami": "ami-035be7bafff33b6b6",
                            "arn": "arn:aws:ec2:us-east-1:318259923343:instance/i-0abb060a021c4c02e",
                            "associate_public_ip_address": "true",
                            "availability_zone": "us-east-1c",
                            "cpu_core_count": "1",
                            "cpu_threads_per_core": "1",
                            "credit_specification.#": "1",
                            "credit_specification.0.cpu_credits": "standard",
                            "disable_api_termination": "false",
                            "ebs_block_device.#": "0",
                            "ebs_optimized": "false",
                            "ephemeral_block_device.#": "0",
                            "get_password_data": "false",
                            "iam_instance_profile": "",
                            "id": "i-0abb060a021c4c02e",
                            "instance_state": "running",
                            "instance_type": "t2.micro",
                            "ipv6_addresses.#": "0",
                            "key_name": "",
                            "monitoring": "false",
                            "network_interface.#": "0",
                            "network_interface_id": "eni-06671564f6cbe137c",
                            "password_data": "",
                            "placement_group": "",
                            "primary_network_interface_id": "eni-06671564f6cbe137c",
                            "private_dns": "ip-10-0-0-201.ec2.internal",
                            "private_ip": "10.0.0.201",
                            "public_dns": "ec2-54-198-83-124.compute-1.amazonaws.com",
                            "public_ip": "54.198.83.124",
                            "root_block_device.#": "1",
                            "root_block_device.0.delete_on_termination": "true",
                            "root_block_device.0.iops": "100",
                            "root_block_device.0.volume_id": "vol-02ed6daabd774f2fd",
                            "root_block_device.0.volume_size": "8",
                            "root_block_device.0.volume_type": "gp2",
                            "security_groups.#": "0",
                            "source_dest_check": "true",
                            "subnet_id": "subnet-0c8999b8da5dcf2ac",
                            "tags.%": "1",
                            "tags.Name": "i01",
                            "tenancy": "default",
                            "volume_tags.%": "0",
                            "vpc_security_group_ids.#": "1",
                            "vpc_security_group_ids.1629537389": "sg-03635946b43bb3ae2"
                        },
                        "meta": {
                            "e2bfb730-ecaa-11e6-8f88-34363bc7c4c0": {
                                "create": 600000000000,
                                "delete": 1200000000000,
                                "update": 600000000000
                            },
                            "schema_version": "1"
                        },
                        "tainted": false
                    },
                    "deposed": [],
                    "provider": "provider.aws"
                },
                "aws_internet_gateway.ig01": {
                    "type": "aws_internet_gateway",
                    "depends_on": [
                        "aws_vpc.vpc01"
                    ],
                    "primary": {
                        "id": "igw-0b6fe700c2af10779",
                        "attributes": {
                            "id": "igw-0b6fe700c2af10779",
                            "owner_id": "318259923343",
                            "tags.%": "1",
                            "tags.Name": "ig01",
                            "vpc_id": "vpc-0a5fb10c289138bc8"
                        },
                        "meta": {},
                        "tainted": false
                    },
                    "deposed": [],
                    "provider": "provider.aws"
                },
                "aws_route_table.rt01": {
                    "type": "aws_route_table",
                    "depends_on": [
                        "aws_internet_gateway.ig01",
                        "aws_vpc.vpc01"
                    ],
                    "primary": {
                        "id": "rtb-0436959c6d7cfe4c8",
                        "attributes": {
                            "id": "rtb-0436959c6d7cfe4c8",
                            "owner_id": "318259923343",
                            "propagating_vgws.#": "0",
                            "route.#": "1",
                            "route.115964996.cidr_block": "0.0.0.0/0",
                            "route.115964996.egress_only_gateway_id": "",
                            "route.115964996.gateway_id": "igw-0b6fe700c2af10779",
                            "route.115964996.instance_id": "",
                            "route.115964996.ipv6_cidr_block": "",
                            "route.115964996.nat_gateway_id": "",
                            "route.115964996.network_interface_id": "",
                            "route.115964996.transit_gateway_id": "",
                            "route.115964996.vpc_peering_connection_id": "",
                            "tags.%": "1",
                            "tags.Name": "rt01",
                            "vpc_id": "vpc-0a5fb10c289138bc8"
                        },
                        "meta": {},
                        "tainted": false
                    },
                    "deposed": [],
                    "provider": "provider.aws"
                },
                "aws_route_table_association.rta01": {
                    "type": "aws_route_table_association",
                    "depends_on": [
                        "aws_route_table.rt01",
                        "aws_subnet.subnet01"
                    ],
                    "primary": {
                        "id": "rtbassoc-0ba0bf7845e34a147",
                        "attributes": {
                            "id": "rtbassoc-0ba0bf7845e34a147",
                            "route_table_id": "rtb-0436959c6d7cfe4c8",
                            "subnet_id": "subnet-0c8999b8da5dcf2ac"
                        },
                        "meta": {},
                        "tainted": false
                    },
                    "deposed": [],
                    "provider": "provider.aws"
                },
                "aws_security_group.sg01": {
                    "type": "aws_security_group",
                    "depends_on": [
                        "aws_vpc.vpc01"
                    ],
                    "primary": {
                        "id": "sg-03635946b43bb3ae2",
                        "attributes": {
                            "arn": "arn:aws:ec2:us-east-1:318259923343:security-group/sg-03635946b43bb3ae2",
                            "description": "Managed by Terraform",
                            "egress.#": "1",
                            "egress.482069346.cidr_blocks.#": "1",
                            "egress.482069346.cidr_blocks.0": "0.0.0.0/0",
                            "egress.482069346.description": "",
                            "egress.482069346.from_port": "0",
                            "egress.482069346.ipv6_cidr_blocks.#": "0",
                            "egress.482069346.prefix_list_ids.#": "0",
                            "egress.482069346.protocol": "-1",
                            "egress.482069346.security_groups.#": "0",
                            "egress.482069346.self": "false",
                            "egress.482069346.to_port": "0",
                            "id": "sg-03635946b43bb3ae2",
                            "ingress.#": "1",
                            "ingress.482069346.cidr_blocks.#": "1",
                            "ingress.482069346.cidr_blocks.0": "0.0.0.0/0",
                            "ingress.482069346.description": "",
                            "ingress.482069346.from_port": "0",
                            "ingress.482069346.ipv6_cidr_blocks.#": "0",
                            "ingress.482069346.prefix_list_ids.#": "0",
                            "ingress.482069346.protocol": "-1",
                            "ingress.482069346.security_groups.#": "0",
                            "ingress.482069346.self": "false",
                            "ingress.482069346.to_port": "0",
                            "name": "sg01",
                            "owner_id": "318259923343",
                            "revoke_rules_on_delete": "false",
                            "tags.%": "0",
                            "vpc_id": "vpc-0a5fb10c289138bc8"
                        },
                        "meta": {
                            "e2bfb730-ecaa-11e6-8f88-34363bc7c4c0": {
                                "create": 600000000000,
                                "delete": 600000000000
                            },
                            "schema_version": "1"
                        },
                        "tainted": false
                    },
                    "deposed": [],
                    "provider": "provider.aws"
                },
                "aws_subnet.subnet01": {
                    "type": "aws_subnet",
                    "depends_on": [
                        "aws_vpc.vpc01"
                    ],
                    "primary": {
                        "id": "subnet-0c8999b8da5dcf2ac",
                        "attributes": {
                            "arn": "arn:aws:ec2:us-east-1:318259923343:subnet/subnet-0c8999b8da5dcf2ac",
                            "assign_ipv6_address_on_creation": "false",
                            "availability_zone": "us-east-1c",
                            "availability_zone_id": "use1-az4",
                            "cidr_block": "10.0.0.0/24",
                            "id": "subnet-0c8999b8da5dcf2ac",
                            "ipv6_cidr_block": "",
                            "ipv6_cidr_block_association_id": "",
                            "map_public_ip_on_launch": "true",
                            "owner_id": "318259923343",
                            "tags.%": "1",
                            "tags.Name": "subnet01",
                            "vpc_id": "vpc-0a5fb10c289138bc8"
                        },
                        "meta": {
                            "e2bfb730-ecaa-11e6-8f88-34363bc7c4c0": {
                                "create": 600000000000,
                                "delete": 600000000000
                            },
                            "schema_version": "1"
                        },
                        "tainted": false
                    },
                    "deposed": [],
                    "provider": "provider.aws"
                },
                "aws_vpc.vpc01": {
                    "type": "aws_vpc",
                    "depends_on": [],
                    "primary": {
                        "id": "vpc-0a5fb10c289138bc8",
                        "attributes": {
                            "arn": "arn:aws:ec2:us-east-1:318259923343:vpc/vpc-0a5fb10c289138bc8",
                            "assign_generated_ipv6_cidr_block": "false",
                            "cidr_block": "10.0.0.0/16",
                            "default_network_acl_id": "acl-0551663968a16af9b",
                            "default_route_table_id": "rtb-07361d5f3f6177ecd",
                            "default_security_group_id": "sg-0a067cb25ed8d194e",
                            "dhcp_options_id": "dopt-95645ced",
                            "enable_classiclink": "false",
                            "enable_classiclink_dns_support": "false",
                            "enable_dns_hostnames": "true",
                            "enable_dns_support": "true",
                            "id": "vpc-0a5fb10c289138bc8",
                            "instance_tenancy": "default",
                            "ipv6_association_id": "",
                            "ipv6_cidr_block": "",
                            "main_route_table_id": "rtb-07361d5f3f6177ecd",
                            "owner_id": "318259923343",
                            "tags.%": "1",
                            "tags.Name": "vpc01"
                        },
                        "meta": {
                            "schema_version": "1"
                        },
                        "tainted": false
                    },
                    "deposed": [],
                    "provider": "provider.aws"
                }
            },
            "depends_on": []
        }
    ]
}
